
Microsoft Visual Studio Solution File, Format Version 12.00
# Visual Studio Version 17
VisualStudioVersion = 17.4.33205.214
MinimumVisualStudioVersion = 10.0.40219.1
Project("{FAE04EC0-301F-11D3-BF4B-00C04F79EFBC}") = "Abyss.Core", "Abyss.Core\Abyss.Core.csproj", "{3BA596AB-A2B5-4908-BD72-D51B24747B24}"
EndProject
Project("{FAE04EC0-301F-11D3-BF4B-00C04F79EFBC}") = "Abyss.Items", "Abyss.Items\Abyss.Items.csproj", "{DCCD075F-1064-4C81-8468-51A582844E9C}"
EndProject
Project("{FAE04EC0-301F-11D3-BF4B-00C04F79EFBC}") = "Abyss.Initializer", "Abyss.Initializer\Abyss.Initializer.csproj", "{A690CAE4-A8BB-424B-B0F8-1B0847945424}"
EndProject
Project("{FAE04EC0-301F-11D3-BF4B-00C04F79EFBC}") = "Abyss.Abilities", "Abyss.Abilities\Abyss.Abilities.csproj", "{054E2E63-A368-4D5C-9844-819477CA715D}"
EndProject
Project("{FAE04EC0-301F-11D3-BF4B-00C04F79EFBC}") = "Abyss.WorldEvents", "Abyss.WorldEvents\Abyss.WorldEvents.csproj", "{24291040-65EB-46FD-9A8F-0DB7A64D7ABB}"
EndProject
Global
	GlobalSection(SolutionConfigurationPlatforms) = preSolution
		Debug|Any CPU = Debug|Any CPU
		Release|Any CPU = Release|Any CPU
	EndGlobalSection
	GlobalSection(ProjectConfigurationPlatforms) = postSolution
		{3BA596AB-A2B5-4908-BD72-D51B24747B24}.Debug|Any CPU.ActiveCfg = Debug|Any CPU
		{3BA596AB-A2B5-4908-BD72-D51B24747B24}.Debug|Any CPU.Build.0 = Debug|Any CPU
		{3BA596AB-A2B5-4908-BD72-D51B24747B24}.Release|Any CPU.ActiveCfg = Release|Any CPU
		{3BA596AB-A2B5-4908-BD72-D51B24747B24}.Release|Any CPU.Build.0 = Release|Any CPU
		{DCCD075F-1064-4C81-8468-51A582844E9C}.Debug|Any CPU.ActiveCfg = Debug|Any CPU
		{DCCD075F-1064-4C81-8468-51A582844E9C}.Debug|Any CPU.Build.0 = Debug|Any CPU
		{DCCD075F-1064-4C81-8468-51A582844E9C}.Release|Any CPU.ActiveCfg = Release|Any CPU
		{DCCD075F-1064-4C81-8468-51A582844E9C}.Release|Any CPU.Build.0 = Release|Any CPU
		{A690CAE4-A8BB-424B-B0F8-1B0847945424}.Debug|Any CPU.ActiveCfg = Debug|Any CPU
		{A690CAE4-A8BB-424B-B0F8-1B0847945424}.Debug|Any CPU.Build.0 = Debug|Any CPU
		{A690CAE4-A8BB-424B-B0F8-1B0847945424}.Release|Any CPU.ActiveCfg = Release|Any CPU
		{A690CAE4-A8BB-424B-B0F8-1B0847945424}.Release|Any CPU.Build.0 = Release|Any CPU
		{054E2E63-A368-4D5C-9844-819477CA715D}.Debug|Any CPU.ActiveCfg = Debug|Any CPU
		{054E2E63-A368-4D5C-9844-819477CA715D}.Debug|Any CPU.Build.0 = Debug|Any CPU
		{054E2E63-A368-4D5C-9844-819477CA715D}.Release|Any CPU.ActiveCfg = Release|Any CPU
		{054E2E63-A368-4D5C-9844-819477CA715D}.Release|Any CPU.Build.0 = Release|Any CPU
		{24291040-65EB-46FD-9A8F-0DB7A64D7ABB}.Debug|Any CPU.ActiveCfg = Debug|Any CPU
		{24291040-65EB-46FD-9A8F-0DB7A64D7ABB}.Debug|Any CPU.Build.0 = Debug|Any CPU
		{24291040-65EB-46FD-9A8F-0DB7A64D7ABB}.Release|Any CPU.ActiveCfg = Release|Any CPU
		{24291040-65EB-46FD-9A8F-0DB7A64D7ABB}.Release|Any CPU.Build.0 = Release|Any CPU
	EndGlobalSection
	GlobalSection(SolutionProperties) = preSolution
		HideSolutionNode = FALSE
	EndGlobalSection
	GlobalSection(ExtensibilityGlobals) = postSolution
		SolutionGuid = {4A468523-1AD6-4859-B67F-5D7CED54489B}
	EndGlobalSection
EndGlobal
